
Microsoft Visual Studio Solution File, Format Version 12.00
# Visual Studio Version 17
VisualStudioVersion = 17.9.34728.123
MinimumVisualStudioVersion = 10.0.40219.1
Project("{FAE04EC0-301F-11D3-BF4B-00C04F79EFBC}") = "DthK22CNT4Lesson10", "DthK22CNT4Lesson10\DthK22CNT4Lesson10.csproj", "{8430A419-181D-45C4-AEFB-C25C284C5BB9}"
EndProject
Global
	GlobalSection(SolutionConfigurationPlatforms) = preSolution
		Debug|Any CPU = Debug|Any CPU
		Release|Any CPU = Release|Any CPU
	EndGlobalSection
	GlobalSection(ProjectConfigurationPlatforms) = postSolution
		{8430A419-181D-45C4-AEFB-C25C284C5BB9}.Debug|Any CPU.ActiveCfg = Debug|Any CPU
		{8430A419-181D-45C4-AEFB-C25C284C5BB9}.Debug|Any CPU.Build.0 = Debug|Any CPU
		{8430A419-181D-45C4-AEFB-C25C284C5BB9}.Release|Any CPU.ActiveCfg = Release|Any CPU
		{8430A419-181D-45C4-AEFB-C25C284C5BB9}.Release|Any CPU.Build.0 = Release|Any CPU
	EndGlobalSection
	GlobalSection(SolutionProperties) = preSolution
		HideSolutionNode = FALSE
	EndGlobalSection
	GlobalSection(ExtensibilityGlobals) = postSolution
		SolutionGuid = {91C5CD5B-1258-4865-A614-2D80E8A8B3B9}
	EndGlobalSection
EndGlobal
