
Microsoft Visual Studio Solution File, Format Version 12.00
# Visual Studio Version 17
VisualStudioVersion = 17.9.34728.123
MinimumVisualStudioVersion = 10.0.40219.1
Project("{FAE04EC0-301F-11D3-BF4B-00C04F79EFBC}") = "DthLesson02Demo", "DthLesson02Demo\DthLesson02Demo.csproj", "{7378B8B4-AB80-409B-9624-454E6069E78D}"
EndProject
Global
	GlobalSection(SolutionConfigurationPlatforms) = preSolution
		Debug|Any CPU = Debug|Any CPU
		Release|Any CPU = Release|Any CPU
	EndGlobalSection
	GlobalSection(ProjectConfigurationPlatforms) = postSolution
		{7378B8B4-AB80-409B-9624-454E6069E78D}.Debug|Any CPU.ActiveCfg = Debug|Any CPU
		{7378B8B4-AB80-409B-9624-454E6069E78D}.Debug|Any CPU.Build.0 = Debug|Any CPU
		{7378B8B4-AB80-409B-9624-454E6069E78D}.Release|Any CPU.ActiveCfg = Release|Any CPU
		{7378B8B4-AB80-409B-9624-454E6069E78D}.Release|Any CPU.Build.0 = Release|Any CPU
	EndGlobalSection
	GlobalSection(SolutionProperties) = preSolution
		HideSolutionNode = FALSE
	EndGlobalSection
	GlobalSection(ExtensibilityGlobals) = postSolution
		SolutionGuid = {B9330B54-6516-427C-B97C-D3DE083EED80}
	EndGlobalSection
EndGlobal
