
Microsoft Visual Studio Solution File, Format Version 12.00
# Visual Studio Version 17
VisualStudioVersion = 17.9.34728.123
MinimumVisualStudioVersion = 10.0.40219.1
Project("{FAE04EC0-301F-11D3-BF4B-00C04F79EFBC}") = "DthLab05_1", "DthLab05_1\DthLab05_1.csproj", "{8040492F-DC92-461B-8DB2-2B61624F0A90}"
EndProject
Global
	GlobalSection(SolutionConfigurationPlatforms) = preSolution
		Debug|Any CPU = Debug|Any CPU
		Release|Any CPU = Release|Any CPU
	EndGlobalSection
	GlobalSection(ProjectConfigurationPlatforms) = postSolution
		{8040492F-DC92-461B-8DB2-2B61624F0A90}.Debug|Any CPU.ActiveCfg = Debug|Any CPU
		{8040492F-DC92-461B-8DB2-2B61624F0A90}.Debug|Any CPU.Build.0 = Debug|Any CPU
		{8040492F-DC92-461B-8DB2-2B61624F0A90}.Release|Any CPU.ActiveCfg = Release|Any CPU
		{8040492F-DC92-461B-8DB2-2B61624F0A90}.Release|Any CPU.Build.0 = Release|Any CPU
	EndGlobalSection
	GlobalSection(SolutionProperties) = preSolution
		HideSolutionNode = FALSE
	EndGlobalSection
	GlobalSection(ExtensibilityGlobals) = postSolution
		SolutionGuid = {3A9E080B-FBBF-4F46-B927-264C944D82D8}
	EndGlobalSection
EndGlobal
