
Microsoft Visual Studio Solution File, Format Version 12.00
# Visual Studio Version 17
VisualStudioVersion = 17.9.34728.123
MinimumVisualStudioVersion = 10.0.40219.1
Project("{FAE04EC0-301F-11D3-BF4B-00C04F79EFBC}") = "DthLesson03Demo", "DthLesson03Demo\DthLesson03Demo.csproj", "{9645A433-576E-40AB-89E9-33DFCCC50509}"
EndProject
Global
	GlobalSection(SolutionConfigurationPlatforms) = preSolution
		Debug|Any CPU = Debug|Any CPU
		Release|Any CPU = Release|Any CPU
	EndGlobalSection
	GlobalSection(ProjectConfigurationPlatforms) = postSolution
		{9645A433-576E-40AB-89E9-33DFCCC50509}.Debug|Any CPU.ActiveCfg = Debug|Any CPU
		{9645A433-576E-40AB-89E9-33DFCCC50509}.Debug|Any CPU.Build.0 = Debug|Any CPU
		{9645A433-576E-40AB-89E9-33DFCCC50509}.Release|Any CPU.ActiveCfg = Release|Any CPU
		{9645A433-576E-40AB-89E9-33DFCCC50509}.Release|Any CPU.Build.0 = Release|Any CPU
	EndGlobalSection
	GlobalSection(SolutionProperties) = preSolution
		HideSolutionNode = FALSE
	EndGlobalSection
	GlobalSection(ExtensibilityGlobals) = postSolution
		SolutionGuid = {4DD1C6AF-755E-48CD-82C4-B4CAEBBEFDBC}
	EndGlobalSection
EndGlobal
